schema: '2.0'
stages:
  train:
    cmd: python3.11 src/train.py data/prepared model
    deps:
    - path: data/prepared
      hash: md5
      md5: fb3d8efa8d04f63d6d241d31758e28d3.dir
      size: 6619331
      nfiles: 8
    - path: src/train.py
      hash: md5
      md5: f0c533685de7ddb3f8a8d9d4c221747e
      size: 3856
    - path: src/utils/seed.py
      hash: md5
      md5: 963a551c177450f50e4f11bd1a9ab2c7
      size: 437
    params:
      params.yaml:
        train:
          seed: 77
          lr: 0.001
          epochs: 10
          conv_size: 64
          dense_size: 128
          output_classes: 11
    outs:
    - path: model
      hash: md5
      md5: 7b7bf72ebe5c056e51cf742898c7edc0.dir
      size: 8379336
      nfiles: 2
  evaluate:
    cmd: python3.11 src/evaluate.py model data/prepared
    deps:
    - path: model
      hash: md5
      md5: 7b7bf72ebe5c056e51cf742898c7edc0.dir
      size: 8379336
      nfiles: 2
    - path: src/evaluate.py
      hash: md5
      md5: ed775b26fb8d8b7d91f99e83ca8c42f9
      size: 5480
    outs:
    - path: evaluation/metrics.json
      hash: md5
      md5: eabe472db4285964080fc10d6bcee77e
      size: 63
    - path: evaluation/plots/confusion_matrix.png
      hash: md5
      md5: 0b551b0dc0f6ef5caf6675ebafd4228f
      size: 45676
    - path: evaluation/plots/pred_preview.png
      hash: md5
      md5: fe53070d35db771ccf5254160a58e7c2
      size: 43555
    - path: evaluation/plots/training_history.png
      hash: md5
      md5: 2dc64566f48279db33cd8d7056910dbb
      size: 37303
